lockfileVersion: '9.0'

settings:
  autoInstallPeers: true
  excludeLinksFromLockfile: false

importers:

  .:
    dependencies:
      '@fontsource/inter':
        specifier: ^5.2.8
        version: 5.3.0
      '@radix-ui/react-dropdown-menu':
        specifier: ^2.1.16
        version: 2.1.24(@types/react-dom@19.2.5(@types/react@19.2.18))(@types/react@19.2.18)(react-dom@19.2.8(react@19.2.8))(react@19.2.8)
      '@radix-ui/react-slot':
        specifier: ^1.2.3
        version: 1.3.3(@types/react@19.2.18)(react@19.2.8)
      '@radix-ui/react-switch':
        specifier: ^1.2.6
        version: 1.3.7(@types/react-dom@19.2.5(@types/react@19.2.18))(@types/react@19.2.18)(react-dom@19.2.8(react@19.2.8))(react@19.2.8)
      '@tauri-apps/api':
        specifier: ^2
        version: 2.11.1
      '@tauri-apps/plugin-autostart':
        specifier: ^2
        version: 2.5.1
      '@tauri-apps/plugin-global-shortcut':
        specifier: ^2
        version: 2.3.2
      '@tauri-apps/plugin-opener':
        specifier: ^2
        version: 2.5.4
      class-variance-authority:
        specifier: ^0.7.1
        version: 0.7.1
      clsx:
        specifier: ^2.1.1
        version: 2.1.1
      lucide-react:
        specifier: ^0.544.0
        version: 0.544.0(react@19.2.8)
      react:
        specifier: ^19.1.0
        version: 19.2.8
      react-dom:
        specifier: ^19.1.0
        version: 19.2.8(react@19.2.8)
      tailwind-merge:
        specifier: ^3.3.1
        version: 3.6.0
    devDependencies:
      '@tailwindcss/vite':
        specifier: ^4.1.13
        version: 4.3.3(vite@7.3.6(@types/node@24.13.3)(jiti@2.7.0)(lightningcss@1.32.0))
      '@tauri-apps/cli':
        specifier: ^2
        version: 2.11.4
      '@types/node':
        specifier: ^24.3.0
        version: 24.13.3
      '@types/react':
        specifier: ^19.1.8
        version: 19.2.18
      '@types/react-dom':
        specifier: ^19.1.6
        version: 19.2.5(@types/react@19.2.18)
      '@vitejs/plugin-react':
        specifier: ^4.6.0
        version: 4.7.0(vite@7.3.6(@types/node@24.13.3)(jiti@2.7.0)(lightningcss@1.32.0))
      tailwindcss:
        specifier: ^4.1.13
        version: 4.3.3
      typescript:
        specifier: ~5.8.3
        version: 5.8.3
      vite:
        specifier: ^7.0.4
        version: 7.3.6(@types/node@24.13.3)(jiti@2.7.0)(lightningcss@1.32.0)

packages:

  '@babel/code-frame@7.29.7':
    resolution: {integrity: sha512-Aup7aUOfpbAUg2ROOJN6Iw5f9DMBlzu0mIkm/malLQFN/YQgO48wCj0Kxa3sEHJvPVFg7siR+qRInwXd2qhQKw==}
    engines: {node: '>=6.9.0'}
